version = 1
revision = 3
requires-python = ">=3.12"

[[package]]
name = "greenlet"
version = "3.3.2"
source = { registry = "https://pypi.org/simple" }
sdist = { url = "https://files.pythonhosted.org/packages/a3/51/1664f6b78fc6ebbd98019a1fd730e83fa78f2db7058f72b1463d3612b8db/greenlet-3.3.2.tar.gz", hash = "sha256:2eaf067fc6d886931c7962e8c6bede15d2f01965560f3359b27c80bde2d151f2", size = 188267, upload-time = "2026-02-20T20:54:15.531Z" }
wheels = [
    { url = "https://files.pythonhosted.org/packages/ea/ab/1608e5a7578e62113506740b88066bf09888322a311cff602105e619bd87/greenlet-3.3.2-cp312-cp312-macosx_11_0_universal2.whl", hash = "sha256:ac8d61d4343b799d1e526db579833d72f23759c71e07181c2d2944e429eb09cd", size = 280358, upload-time = "2026-02-20T20:17:43.971Z" },
    { url = "https://files.pythonhosted.org/packages/a5/23/0eae412a4ade4e6623ff7626e38998cb9b11e9ff1ebacaa021e4e108ec15/greenlet-3.3.2-cp312-cp312-manylinux_2_24_aarch64.manylinux_2_28_aarch64.whl", hash = "sha256:3ceec72030dae6ac0c8ed7591b96b70410a8be370b6a477b1dbc072856ad02bd", size = 601217, upload-time = "2026-02-20T20:47:31.462Z" },
    { url = "https://files.pythonhosted.org/packages/f8/16/5b1678a9c07098ecb9ab2dd159fafaf12e963293e61ee8d10ecb55273e5e/greenlet-3.3.2-cp312-cp312-manylinux_2_24_ppc64le.manylinux_2_28_ppc64le.whl", hash = "sha256:a2a5be83a45ce6188c045bcc44b0ee037d6a518978de9a5d97438548b953a1ac", size = 611792, upload-time = "2026-02-20T20:55:58.423Z" },
    { url = "https://files.pythonhosted.org/packages/5c/c5/cc09412a29e43406eba18d61c70baa936e299bc27e074e2be3806ed29098/greenlet-3.3.2-cp312-cp312-manylinux_2_24_s390x.manylinux_2_28_s390x.whl", hash = "sha256:ae9e21c84035c490506c17002f5c8ab25f980205c3e61ddb3a2a2a2e6c411fcb", size = 626250, upload-time = "2026-02-20T21:02:46.596Z" },
    { url = "https://files.pythonhosted.org/packages/50/1f/5155f55bd71cabd03765a4aac9ac446be129895271f73872c36ebd4b04b6/greenlet-3.3.2-cp312-cp312-manylinux_2_24_x86_64.manylinux_2_28_x86_64.whl", hash = "sha256:43e99d1749147ac21dde49b99c9abffcbc1e2d55c67501465ef0930d6e78e070", size = 613875, upload-time = "2026-02-20T20:21:01.102Z" },
    { url = "https://files.pythonhosted.org/packages/fc/dd/845f249c3fcd69e32df80cdab059b4be8b766ef5830a3d0aa9d6cad55beb/greenlet-3.3.2-cp312-cp312-musllinux_1_2_aarch64.whl", hash = "sha256:4c956a19350e2c37f2c48b336a3afb4bff120b36076d9d7fb68cb44e05d95b79", size = 1571467, upload-time = "2026-02-20T20:49:33.495Z" },
    { url = "https://files.pythonhosted.org/packages/2a/50/2649fe21fcc2b56659a452868e695634722a6655ba245d9f77f5656010bf/greenlet-3.3.2-cp312-cp312-musllinux_1_2_x86_64.whl", hash = "sha256:6c6f8ba97d17a1e7d664151284cb3315fc5f8353e75221ed4324f84eb162b395", size = 1640001, upload-time = "2026-02-20T20:21:09.154Z" },
    { url = "https://files.pythonhosted.org/packages/9b/40/cc802e067d02af8b60b6771cea7d57e21ef5e6659912814babb42b864713/greenlet-3.3.2-cp312-cp312-win_amd64.whl", hash = "sha256:34308836d8370bddadb41f5a7ce96879b72e2fdfb4e87729330c6ab52376409f", size = 231081, upload-time = "2026-02-20T20:17:28.121Z" },
    { url = "https://files.pythonhosted.org/packages/58/2e/fe7f36ff1982d6b10a60d5e0740c759259a7d6d2e1dc41da6d96de32fff6/greenlet-3.3.2-cp312-cp312-win_arm64.whl", hash = "sha256:d3a62fa76a32b462a97198e4c9e99afb9ab375115e74e9a83ce180e7a496f643", size = 230331, upload-time = "2026-02-20T20:17:23.34Z" },
    { url = "https://files.pythonhosted.org/packages/ac/48/f8b875fa7dea7dd9b33245e37f065af59df6a25af2f9561efa8d822fde51/greenlet-3.3.2-cp313-cp313-macosx_11_0_universal2.whl", hash = "sha256:aa6ac98bdfd716a749b84d4034486863fd81c3abde9aa3cf8eff9127981a4ae4", size = 279120, upload-time = "2026-02-20T20:19:01.9Z" },
    { url = "https://files.pythonhosted.org/packages/49/8d/9771d03e7a8b1ee456511961e1b97a6d77ae1dea4a34a5b98eee706689d3/greenlet-3.3.2-cp313-cp313-manylinux_2_24_aarch64.manylinux_2_28_aarch64.whl", hash = "sha256:ab0c7e7901a00bc0a7284907273dc165b32e0d109a6713babd04471327ff7986", size = 603238, upload-time = "2026-02-20T20:47:32.873Z" },
    { url = "https://files.pythonhosted.org/packages/59/0e/4223c2bbb63cd5c97f28ffb2a8aee71bdfb30b323c35d409450f51b91e3e/greenlet-3.3.2-cp313-cp313-manylinux_2_24_ppc64le.manylinux_2_28_ppc64le.whl", hash = "sha256:d248d8c23c67d2291ffd47af766e2a3aa9fa1c6703155c099feb11f526c63a92", size = 614219, upload-time = "2026-02-20T20:55:59.817Z" },
    { url = "https://files.pythonhosted.org/packages/94/2b/4d012a69759ac9d77210b8bfb128bc621125f5b20fc398bce3940d036b1c/greenlet-3.3.2-cp313-cp313-manylinux_2_24_s390x.manylinux_2_28_s390x.whl", hash = "sha256:ccd21bb86944ca9be6d967cf7691e658e43417782bce90b5d2faeda0ff78a7dd", size = 628268, upload-time = "2026-02-20T21:02:48.024Z" },
    { url = "https://files.pythonhosted.org/packages/7a/34/259b28ea7a2a0c904b11cd36c79b8cef8019b26ee5dbe24e73b469dea347/greenlet-3.3.2-cp313-cp313-manylinux_2_24_x86_64.manylinux_2_28_x86_64.whl", hash = "sha256:b6997d360a4e6a4e936c0f9625b1c20416b8a0ea18a8e19cabbefc712e7397ab", size = 616774, upload-time = "2026-02-20T20:21:02.454Z" },
    { url = "https://files.pythonhosted.org/packages/0a/03/996c2d1689d486a6e199cb0f1cf9e4aa940c500e01bdf201299d7d61fa69/greenlet-3.3.2-cp313-cp313-musllinux_1_2_aarch64.whl", hash = "sha256:64970c33a50551c7c50491671265d8954046cb6e8e2999aacdd60e439b70418a", size = 1571277, upload-time = "2026-02-20T20:49:34.795Z" },
    { url = "https://files.pythonhosted.org/packages/d9/c4/2570fc07f34a39f2caf0bf9f24b0a1a0a47bc2e8e465b2c2424821389dfc/greenlet-3.3.2-cp313-cp313-musllinux_1_2_x86_64.whl", hash = "sha256:1a9172f5bf6bd88e6ba5a84e0a68afeac9dc7b6b412b245dd64f52d83c81e55b", size = 1640455, upload-time = "2026-02-20T20:21:10.261Z" },
    { url = "https://files.pythonhosted.org/packages/91/39/5ef5aa23bc545aa0d31e1b9b55822b32c8da93ba657295840b6b34124009/greenlet-3.3.2-cp313-cp313-win_amd64.whl", hash = "sha256:a7945dd0eab63ded0a48e4dcade82939783c172290a7903ebde9e184333ca124", size = 230961, upload-time = "2026-02-20T20:16:58.461Z" },
    { url = "https://files.pythonhosted.org/packages/62/6b/a89f8456dcb06becff288f563618e9f20deed8dd29beea14f9a168aef64b/greenlet-3.3.2-cp313-cp313-win_arm64.whl", hash = "sha256:394ead29063ee3515b4e775216cb756b2e3b4a7e55ae8fd884f17fa579e6b327", size = 230221, upload-time = "2026-02-20T20:17:37.152Z" },
    { url = "https://files.pythonhosted.org/packages/3f/ae/8bffcbd373b57a5992cd077cbe8858fff39110480a9d50697091faea6f39/greenlet-3.3.2-cp314-cp314-macosx_11_0_universal2.whl", hash = "sha256:8d1658d7291f9859beed69a776c10822a0a799bc4bfe1bd4272bb60e62507dab", size = 279650, upload-time = "2026-02-20T20:18:00.783Z" },
    { url = "https://files.pythonhosted.org/packages/d1/c0/45f93f348fa49abf32ac8439938726c480bd96b2a3c6f4d949ec0124b69f/greenlet-3.3.2-cp314-cp314-manylinux_2_24_aarch64.manylinux_2_28_aarch64.whl", hash = "sha256:18cb1b7337bca281915b3c5d5ae19f4e76d35e1df80f4ad3c1a7be91fadf1082", size = 650295, upload-time = "2026-02-20T20:47:34.036Z" },
    { url = "https://files.pythonhosted.org/packages/b3/de/dd7589b3f2b8372069ab3e4763ea5329940fc7ad9dcd3e272a37516d7c9b/greenlet-3.3.2-cp314-cp314-manylinux_2_24_ppc64le.manylinux_2_28_ppc64le.whl", hash = "sha256:c2e47408e8ce1c6f1ceea0dffcdf6ebb85cc09e55c7af407c99f1112016e45e9", size = 662163, upload-time = "2026-02-20T20:56:01.295Z" },
    { url = "https://files.pythonhosted.org/packages/cd/ac/85804f74f1ccea31ba518dcc8ee6f14c79f73fe36fa1beba38930806df09/greenlet-3.3.2-cp314-cp314-manylinux_2_24_s390x.manylinux_2_28_s390x.whl", hash = "sha256:e3cb43ce200f59483eb82949bf1835a99cf43d7571e900d7c8d5c62cdf25d2f9", size = 675371, upload-time = "2026-02-20T21:02:49.664Z" },
    { url = "https://files.pythonhosted.org/packages/d2/d8/09bfa816572a4d83bccd6750df1926f79158b1c36c5f73786e26dbe4ee38/greenlet-3.3.2-cp314-cp314-manylinux_2_24_x86_64.manylinux_2_28_x86_64.whl", hash = "sha256:63d10328839d1973e5ba35e98cccbca71b232b14051fd957b6f8b6e8e80d0506", size = 664160, upload-time = "2026-02-20T20:21:04.015Z" },
    { url = "https://files.pythonhosted.org/packages/48/cf/56832f0c8255d27f6c35d41b5ec91168d74ec721d85f01a12131eec6b93c/greenlet-3.3.2-cp314-cp314-musllinux_1_2_aarch64.whl", hash = "sha256:8e4ab3cfb02993c8cc248ea73d7dae6cec0253e9afa311c9b37e603ca9fad2ce", size = 1619181, upload-time = "2026-02-20T20:49:36.052Z" },
    { url = "https://files.pythonhosted.org/packages/0a/23/b90b60a4aabb4cec0796e55f25ffbfb579a907c3898cd2905c8918acaa16/greenlet-3.3.2-cp314-cp314-musllinux_1_2_x86_64.whl", hash = "sha256:94ad81f0fd3c0c0681a018a976e5c2bd2ca2d9d94895f23e7bb1af4e8af4e2d5", size = 1687713, upload-time = "2026-02-20T20:21:11.684Z" },
    { url = "https://files.pythonhosted.org/packages/f3/ca/2101ca3d9223a1dc125140dbc063644dca76df6ff356531eb27bc267b446/greenlet-3.3.2-cp314-cp314-win_amd64.whl", hash = "sha256:8c4dd0f3997cf2512f7601563cc90dfb8957c0cff1e3a1b23991d4ea1776c492", size = 232034, upload-time = "2026-02-20T20:20:08.186Z" },
    { url = "https://files.pythonhosted.org/packages/f6/4a/ecf894e962a59dea60f04877eea0fd5724618da89f1867b28ee8b91e811f/greenlet-3.3.2-cp314-cp314-win_arm64.whl", hash = "sha256:cd6f9e2bbd46321ba3bbb4c8a15794d32960e3b0ae2cc4d49a1a53d314805d71", size = 231437, upload-time = "2026-02-20T20:18:59.722Z" },
    { url = "https://files.pythonhosted.org/packages/98/6d/8f2ef704e614bcf58ed43cfb8d87afa1c285e98194ab2cfad351bf04f81e/greenlet-3.3.2-cp314-cp314t-macosx_11_0_universal2.whl", hash = "sha256:e26e72bec7ab387ac80caa7496e0f908ff954f31065b0ffc1f8ecb1338b11b54", size = 286617, upload-time = "2026-02-20T20:19:29.856Z" },
    { url = "https://files.pythonhosted.org/packages/5e/0d/93894161d307c6ea237a43988f27eba0947b360b99ac5239ad3fe09f0b47/greenlet-3.3.2-cp314-cp314t-manylinux_2_24_aarch64.manylinux_2_28_aarch64.whl", hash = "sha256:8b466dff7a4ffda6ca975979bab80bdadde979e29fc947ac3be4451428d8b0e4", size = 655189, upload-time = "2026-02-20T20:47:35.742Z" },
    { url = "https://files.pythonhosted.org/packages/f5/2c/d2d506ebd8abcb57386ec4f7ba20f4030cbe56eae541bc6fd6ef399c0b41/greenlet-3.3.2-cp314-cp314t-manylinux_2_24_ppc64le.manylinux_2_28_ppc64le.whl", hash = "sha256:b8bddc5b73c9720bea487b3bffdb1840fe4e3656fba3bd40aa1489e9f37877ff", size = 658225, upload-time = "2026-02-20T20:56:02.527Z" },
    { url = "https://files.pythonhosted.org/packages/d1/67/8197b7e7e602150938049d8e7f30de1660cfb87e4c8ee349b42b67bdb2e1/greenlet-3.3.2-cp314-cp314t-manylinux_2_24_s390x.manylinux_2_28_s390x.whl", hash = "sha256:59b3e2c40f6706b05a9cd299c836c6aa2378cabe25d021acd80f13abf81181cf", size = 666581, upload-time = "2026-02-20T21:02:51.526Z" },
    { url = "https://files.pythonhosted.org/packages/8e/30/3a09155fbf728673a1dea713572d2d31159f824a37c22da82127056c44e4/greenlet-3.3.2-cp314-cp314t-manylinux_2_24_x86_64.manylinux_2_28_x86_64.whl", hash = "sha256:b26b0f4428b871a751968285a1ac9648944cea09807177ac639b030bddebcea4", size = 657907, upload-time = "2026-02-20T20:21:05.259Z" },
    { url = "https://files.pythonhosted.org/packages/f3/fd/d05a4b7acd0154ed758797f0a43b4c0962a843bedfe980115e842c5b2d08/greenlet-3.3.2-cp314-cp314t-musllinux_1_2_aarch64.whl", hash = "sha256:1fb39a11ee2e4d94be9a76671482be9398560955c9e568550de0224e41104727", size = 1618857, upload-time = "2026-02-20T20:49:37.309Z" },
    { url = "https://files.pythonhosted.org/packages/6f/e1/50ee92a5db521de8f35075b5eff060dd43d39ebd46c2181a2042f7070385/greenlet-3.3.2-cp314-cp314t-musllinux_1_2_x86_64.whl", hash = "sha256:20154044d9085151bc309e7689d6f7ba10027f8f5a8c0676ad398b951913d89e", size = 1680010, upload-time = "2026-02-20T20:21:13.427Z" },
    { url = "https://files.pythonhosted.org/packages/29/4b/45d90626aef8e65336bed690106d1382f7a43665e2249017e9527df8823b/greenlet-3.3.2-cp314-cp314t-win_amd64.whl", hash = "sha256:c04c5e06ec3e022cbfe2cd4a846e1d4e50087444f875ff6d2c2ad8445495cf1a", size = 237086, upload-time = "2026-02-20T20:20:45.786Z" },
]

[[package]]
name = "sqlalchemy"
version = "2.0.47"
source = { registry = "https://pypi.org/simple" }
dependencies = [
    { name = "greenlet", marker = "platform_machine == 'AMD64' or platform_machine == 'WIN32' or platform_machine == 'aarch64' or platform_machine == 'amd64' or platform_machine == 'ppc64le' or platform_machine == 'win32' or platform_machine == 'x86_64'" },
    { name = "typing-extensions" },
]
sdist = { url = "https://files.pythonhosted.org/packages/cd/4b/1e00561093fe2cd8eef09d406da003c8a118ff02d6548498c1ae677d68d9/sqlalchemy-2.0.47.tar.gz", hash = "sha256:e3e7feb57b267fe897e492b9721ae46d5c7de6f9e8dee58aacf105dc4e154f3d", size = 9886323, upload-time = "2026-02-24T16:34:27.947Z" }
wheels = [
    { url = "https://files.pythonhosted.org/packages/80/88/74eb470223ff88ea6572a132c0b8de8c1d8ed7b843d3b44a8a3c77f31d39/sqlalchemy-2.0.47-cp312-cp312-macosx_11_0_arm64.whl", hash = "sha256:4fa91b19d6b9821c04cc8f7aa2476429cc8887b9687c762815aa629f5c0edec1", size = 2155687, upload-time = "2026-02-24T17:05:46.451Z" },
    { url = "https://files.pythonhosted.org/packages/ef/ba/1447d3d558971b036cb93b557595cb5dcdfe728f1c7ac4dec16505ef5756/sqlalchemy-2.0.47-cp312-cp312-manylinux2014_aarch64.manylinux_2_17_aarch64.manylinux_2_28_aarch64.whl", hash = "sha256:7c5bbbd14eff577c8c79cbfe39a0771eecd20f430f3678533476f0087138f356", size = 3336978, upload-time = "2026-02-24T17:18:04.597Z" },
    { url = "https://files.pythonhosted.org/packages/8a/07/b47472d2ffd0776826f17ccf0b4d01b224c99fbd1904aeb103dffbb4b1cc/sqlalchemy-2.0.47-cp312-cp312-manylinux2014_x86_64.manylinux_2_17_x86_64.manylinux_2_28_x86_64.whl", hash = "sha256:a5a6c555da8d4280a3c4c78c5b7a3f990cee2b2884e5f934f87a226191682ff7", size = 3349939, upload-time = "2026-02-24T17:27:18.937Z" },
    { url = "https://files.pythonhosted.org/packages/bb/c6/95fa32b79b57769da3e16f054cf658d90940317b5ca0ec20eac84aa19c4f/sqlalchemy-2.0.47-cp312-cp312-musllinux_1_2_aarch64.whl", hash = "sha256:ed48a1701d24dff3bb49a5bce94d6bc84cbe33d98af2aa2d3cdcce3dea1709ec", size = 3279648, upload-time = "2026-02-24T17:18:07.038Z" },
    { url = "https://files.pythonhosted.org/packages/bb/c8/3d07e7c73928dc59a0bed40961ca4e313e797bce650b088e8d5fdd3ad939/sqlalchemy-2.0.47-cp312-cp312-musllinux_1_2_x86_64.whl", hash = "sha256:4f3178c920ad98158f0b6309382194df04b14808fa6052ae07099fdde29d5602", size = 3314695, upload-time = "2026-02-24T17:27:20.93Z" },
    { url = "https://files.pythonhosted.org/packages/6b/d2/ed32b1611c1e19fdb028eee1adc5a9aa138c2952d09ae11f1670170f80ae/sqlalchemy-2.0.47-cp312-cp312-win32.whl", hash = "sha256:b9c11ac9934dd59ece9619fe42780a08abe2faab7b0543bb00d5eabea4f421b9", size = 2115502, upload-time = "2026-02-24T17:22:52.546Z" },
    { url = "https://files.pythonhosted.org/packages/fd/52/9de590356a4dd8e9ef5a881dbba64b2bbc4cbc71bf02bc68e775fb9b1899/sqlalchemy-2.0.47-cp312-cp312-win_amd64.whl", hash = "sha256:db43b72cf8274a99e089755c9c1e0b947159b71adbc2c83c3de2e38d5d607acb", size = 2142435, upload-time = "2026-02-24T17:22:54.268Z" },
    { url = "https://files.pythonhosted.org/packages/4a/e5/0af64ce7d8f60ec5328c10084e2f449e7912a9b8bdbefdcfb44454a25f49/sqlalchemy-2.0.47-cp313-cp313-macosx_11_0_arm64.whl", hash = "sha256:456a135b790da5d3c6b53d0ef71ac7b7d280b7f41eb0c438986352bf03ca7143", size = 2152551, upload-time = "2026-02-24T17:05:47.675Z" },
    { url = "https://files.pythonhosted.org/packages/63/79/746b8d15f6940e2ac469ce22d7aa5b1124b1ab820bad9b046eb3000c88a6/sqlalchemy-2.0.47-cp313-cp313-manylinux2014_aarch64.manylinux_2_17_aarch64.manylinux_2_28_aarch64.whl", hash = "sha256:09a2f7698e44b3135433387da5d8846cf7cc7c10e5425af7c05fee609df978b6", size = 3278782, upload-time = "2026-02-24T17:18:10.012Z" },
    { url = "https://files.pythonhosted.org/packages/91/b1/bd793ddb34345d1ed43b13ab2d88c95d7d4eb2e28f5b5a99128b9cc2bca2/sqlalchemy-2.0.47-cp313-cp313-manylinux2014_x86_64.manylinux_2_17_x86_64.manylinux_2_28_x86_64.whl", hash = "sha256:a0bbc72e6a177c78d724f9106aaddc0d26a2ada89c6332b5935414eccf04cbd5", size = 3295155, upload-time = "2026-02-24T17:27:22.827Z" },
    { url = "https://files.pythonhosted.org/packages/97/84/7213def33f94e5ca6f5718d259bc9f29de0363134648425aa218d4356b23/sqlalchemy-2.0.47-cp313-cp313-musllinux_1_2_aarch64.whl", hash = "sha256:75460456b043b78b6006e41bdf5b86747ee42eafaf7fffa3b24a6e9a456a2092", size = 3226834, upload-time = "2026-02-24T17:18:11.465Z" },
    { url = "https://files.pythonhosted.org/packages/ef/06/456810204f4dc29b5f025b1b0a03b4bd6b600ebf3c1040aebd90a257fa33/sqlalchemy-2.0.47-cp313-cp313-musllinux_1_2_x86_64.whl", hash = "sha256:5d9adaa616c3bc7d80f9ded57cd84b51d6617cad6a5456621d858c9f23aaee01", size = 3265001, upload-time = "2026-02-24T17:27:24.813Z" },
    { url = "https://files.pythonhosted.org/packages/fb/20/df3920a4b2217dbd7390a5bd277c1902e0393f42baaf49f49b3c935e7328/sqlalchemy-2.0.47-cp313-cp313-win32.whl", hash = "sha256:76e09f974382a496a5ed985db9343628b1cb1ac911f27342e4cc46a8bac10476", size = 2113647, upload-time = "2026-02-24T17:22:55.747Z" },
    { url = "https://files.pythonhosted.org/packages/46/06/7873ddf69918efbfabd7211829f4bd8019739d0a719253112d305d3ba51d/sqlalchemy-2.0.47-cp313-cp313-win_amd64.whl", hash = "sha256:0664089b0bf6724a0bfb49a0cf4d4da24868a0a5c8e937cd7db356d5dcdf2c66", size = 2139425, upload-time = "2026-02-24T17:22:57.033Z" },
    { url = "https://files.pythonhosted.org/packages/54/fa/61ad9731370c90ac7ea5bf8f5eaa12c48bb4beec41c0fa0360becf4ac10d/sqlalchemy-2.0.47-cp313-cp313t-manylinux2014_aarch64.manylinux_2_17_aarch64.manylinux_2_28_aarch64.whl", hash = "sha256:ed0c967c701ae13da98eb220f9ddab3044ab63504c1ba24ad6a59b26826ad003", size = 3558809, upload-time = "2026-02-24T17:12:15.232Z" },
    { url = "https://files.pythonhosted.org/packages/33/d5/221fac96f0529391fe374875633804c866f2b21a9c6d3a6ca57d9c12cfd7/sqlalchemy-2.0.47-cp313-cp313t-manylinux2014_x86_64.manylinux_2_17_x86_64.manylinux_2_28_x86_64.whl", hash = "sha256:d3537943a61fd25b241e976426a0c6814434b93cf9b09d39e8e78f3c9eb9a487", size = 3525480, upload-time = "2026-02-24T17:27:59.602Z" },
    { url = "https://files.pythonhosted.org/packages/ec/55/8247d53998c3673e4a8d1958eba75c6f5cc3b39082029d400bb1f2a911ae/sqlalchemy-2.0.47-cp313-cp313t-musllinux_1_2_aarch64.whl", hash = "sha256:57f7e336a64a0dba686c66392d46b9bc7af2c57d55ce6dc1697b4ef32b043ceb", size = 3466569, upload-time = "2026-02-24T17:12:16.94Z" },
    { url = "https://files.pythonhosted.org/packages/6b/b5/c1f0eea1bac6790845f71420a7fe2f2a0566203aa57543117d4af3b77d1c/sqlalchemy-2.0.47-cp313-cp313t-musllinux_1_2_x86_64.whl", hash = "sha256:dff735a621858680217cb5142b779bad40ef7322ddbb7c12062190db6879772e", size = 3475770, upload-time = "2026-02-24T17:28:02.034Z" },
    { url = "https://files.pythonhosted.org/packages/c5/ed/2f43f92474ea0c43c204657dc47d9d002cd738b96ca2af8e6d29a9b5e42d/sqlalchemy-2.0.47-cp313-cp313t-win32.whl", hash = "sha256:3893dc096bb3cca9608ea3487372ffcea3ae9b162f40e4d3c51dd49db1d1b2dc", size = 2141300, upload-time = "2026-02-24T17:14:37.024Z" },
    { url = "https://files.pythonhosted.org/packages/cc/a9/8b73f9f1695b6e92f7aaf1711135a1e3bbeb78bca9eded35cb79180d3c6d/sqlalchemy-2.0.47-cp313-cp313t-win_amd64.whl", hash = "sha256:b5103427466f4b3e61f04833ae01f9a914b1280a2a8bcde3a9d7ab11f3755b42", size = 2173053, upload-time = "2026-02-24T17:14:38.688Z" },
    { url = "https://files.pythonhosted.org/packages/c1/30/98243209aae58ed80e090ea988d5182244ca7ab3ff59e6d850c3dfc7651e/sqlalchemy-2.0.47-cp314-cp314-macosx_11_0_arm64.whl", hash = "sha256:b03010a5a5dfe71676bc83f2473ebe082478e32d77e6f082c8fe15a31c3b42a6", size = 2154355, upload-time = "2026-02-24T17:05:48.959Z" },
    { url = "https://files.pythonhosted.org/packages/ab/62/12ca6ea92055fe486d6558a2a4efe93e194ff597463849c01f88e5adb99d/sqlalchemy-2.0.47-cp314-cp314-manylinux2014_aarch64.manylinux_2_17_aarch64.manylinux_2_28_aarch64.whl", hash = "sha256:f8e3371aa9024520883a415a09cc20c33cfd3eeccf9e0f4f4c367f940b9cbd44", size = 3274486, upload-time = "2026-02-24T17:18:13.659Z" },
    { url = "https://files.pythonhosted.org/packages/97/88/7dfbdeaa8d42b1584e65d6cc713e9d33b6fa563e0d546d5cb87e545bb0e5/sqlalchemy-2.0.47-cp314-cp314-manylinux2014_x86_64.manylinux_2_17_x86_64.manylinux_2_28_x86_64.whl", hash = "sha256:c9449f747e50d518c6e1b40cc379e48bfc796453c47b15e627ea901c201e48a6", size = 3279481, upload-time = "2026-02-24T17:27:26.491Z" },
    { url = "https://files.pythonhosted.org/packages/d0/b7/75e1c1970616a9dd64a8a6fd788248da2ddaf81c95f4875f2a1e8aee4128/sqlalchemy-2.0.47-cp314-cp314-musllinux_1_2_aarch64.whl", hash = "sha256:21410f60d5cac1d6bfe360e05bd91b179be4fa0aa6eea6be46054971d277608f", size = 3224269, upload-time = "2026-02-24T17:18:15.078Z" },
    { url = "https://files.pythonhosted.org/packages/31/ac/eec1a13b891df9a8bc203334caf6e6aac60b02f61b018ef3b4124b8c4120/sqlalchemy-2.0.47-cp314-cp314-musllinux_1_2_x86_64.whl", hash = "sha256:819841dd5bb4324c284c09e2874cf96fe6338bfb57a64548d9b81a4e39c9871f", size = 3246262, upload-time = "2026-02-24T17:27:27.986Z" },
    { url = "https://files.pythonhosted.org/packages/c9/b0/661b0245b06421058610da39f8ceb34abcc90b49f90f256380968d761dbe/sqlalchemy-2.0.47-cp314-cp314-win32.whl", hash = "sha256:e255ee44821a7ef45649c43064cf94e74f81f61b4df70547304b97a351e9b7db", size = 2116528, upload-time = "2026-02-24T17:22:59.363Z" },
    { url = "https://files.pythonhosted.org/packages/aa/ef/1035a90d899e61810791c052004958be622a2cf3eb3df71c3fe20778c5d0/sqlalchemy-2.0.47-cp314-cp314-win_amd64.whl", hash = "sha256:209467ff73ea1518fe1a5aaed9ba75bb9e33b2666e2553af9ccd13387bf192cb", size = 2142181, upload-time = "2026-02-24T17:23:01.001Z" },
    { url = "https://files.pythonhosted.org/packages/76/bb/17a1dd09cbba91258218ceb582225f14b5364d2683f9f5a274f72f2d764f/sqlalchemy-2.0.47-cp314-cp314t-manylinux2014_aarch64.manylinux_2_17_aarch64.manylinux_2_28_aarch64.whl", hash = "sha256:e78fd9186946afaa287f8a1fe147ead06e5d566b08c0afcb601226e9c7322a64", size = 3563477, upload-time = "2026-02-24T17:12:18.46Z" },
    { url = "https://files.pythonhosted.org/packages/66/8f/1a03d24c40cc321ef2f2231f05420d140bb06a84f7047eaa7eaa21d230ba/sqlalchemy-2.0.47-cp314-cp314t-manylinux2014_x86_64.manylinux_2_17_x86_64.manylinux_2_28_x86_64.whl", hash = "sha256:5740e2f31b5987ed9619d6912ae5b750c03637f2078850da3002934c9532f172", size = 3528568, upload-time = "2026-02-24T17:28:03.732Z" },
    { url = "https://files.pythonhosted.org/packages/fd/53/d56a213055d6b038a5384f0db5ece7343334aca230ff3f0fa1561106f22c/sqlalchemy-2.0.47-cp314-cp314t-musllinux_1_2_aarch64.whl", hash = "sha256:fb9ac00d03de93acb210e8ec7243fefe3e012515bf5fd2f0898c8dff38bc77a4", size = 3472284, upload-time = "2026-02-24T17:12:20.319Z" },
    { url = "https://files.pythonhosted.org/packages/ff/19/c235d81b9cfdd6130bf63143b7bade0dc4afa46c4b634d5d6b2a96bea233/sqlalchemy-2.0.47-cp314-cp314t-musllinux_1_2_x86_64.whl", hash = "sha256:c72a0b9eb2672d70d112cb149fbaf172d466bc691014c496aaac594f1988e706", size = 3478410, upload-time = "2026-02-24T17:28:05.892Z" },
    { url = "https://files.pythonhosted.org/packages/0e/db/cafdeca5ecdaa3bb0811ba5449501da677ce0d83be8d05c5822da72d2e86/sqlalchemy-2.0.47-cp314-cp314t-win32.whl", hash = "sha256:c200db1128d72a71dc3c31c24b42eb9fd85b2b3e5a3c9ba1e751c11ac31250ff", size = 2147164, upload-time = "2026-02-24T17:14:40.783Z" },
    { url = "https://files.pythonhosted.org/packages/fc/5e/ff41a010e9e0f76418b02ad352060a4341bb15f0af66cedc924ab376c7c6/sqlalchemy-2.0.47-cp314-cp314t-win_amd64.whl", hash = "sha256:669837759b84e575407355dcff912835892058aea9b80bd1cb76d6a151cf37f7", size = 2182154, upload-time = "2026-02-24T17:14:43.205Z" },
    { url = "https://files.pythonhosted.org/packages/15/9f/7c378406b592fcf1fc157248607b495a40e3202ba4a6f1372a2ba6447717/sqlalchemy-2.0.47-py3-none-any.whl", hash = "sha256:e2647043599297a1ef10e720cf310846b7f31b6c841fee093d2b09d81215eb93", size = 1940159, upload-time = "2026-02-24T17:15:07.158Z" },
]

[[package]]
name = "sqlmermaid"
source = { editable = "." }
dependencies = [
    { name = "sqlalchemy" },
]

[package.metadata]
requires-dist = [{ name = "sqlalchemy", specifier = ">=2.0.0" }]

[[package]]
name = "typing-extensions"
version = "4.15.0"
source = { registry = "https://pypi.org/simple" }
sdist = { url = "https://files.pythonhosted.org/packages/72/94/1a15dd82efb362ac84269196e94cf00f187f7ed21c242792a923cdb1c61f/typing_extensions-4.15.0.tar.gz", hash = "sha256:0cea48d173cc12fa28ecabc3b837ea3cf6f38c6d1136f85cbaaf598984861466", size = 109391, upload-time = "2025-08-25T13:49:26.313Z" }
wheels = [
    { url = "https://files.pythonhosted.org/packages/18/67/36e9267722cc04a6b9f15c7f3441c2363321a3ea07da7ae0c0707beb2a9c/typing_extensions-4.15.0-py3-none-any.whl", hash = "sha256:f0fa19c6845758ab08074a0cfa8b7aecb71c999ca73d62883bc25cc018c4e548", size = 44614, upload-time = "2025-08-25T13:49:24.86Z" },
]
